
Microsoft Visual Studio Solution File, Format Version 12.00
# Visual Studio Version 16
VisualStudioVersion = 16.0.30804.86
MinimumVisualStudioVersion = 10.0.40219.1
Project("{888888A0-9F3D-457C-B088-3A5042F75D52}") = "PhytonApp1", "PhytonApp1\PhytonApp1.pyproj", "{9242BF7E-D91D-41DD-8BE8-D0EB12F95851}"
EndProject
Global
	GlobalSection(SolutionConfigurationPlatforms) = preSolution
		Debug|Any CPU = Debug|Any CPU
		Release|Any CPU = Release|Any CPU
	EndGlobalSection
	GlobalSection(ProjectConfigurationPlatforms) = postSolution
		{9242BF7E-D91D-41DD-8BE8-D0EB12F95851}.Debug|Any CPU.ActiveCfg = Debug|Any CPU
		{9242BF7E-D91D-41DD-8BE8-D0EB12F95851}.Release|Any CPU.ActiveCfg = Release|Any CPU
	EndGlobalSection
	GlobalSection(SolutionProperties) = preSolution
		HideSolutionNode = FALSE
	EndGlobalSection
	GlobalSection(ExtensibilityGlobals) = postSolution
		SolutionGuid = {A4BE1746-CE4F-41E9-A971-25BBD83D21B0}
	EndGlobalSection
EndGlobal
